{
  "name": "moonsecdumper",
  "version": "1.0.0",
  "lockfileVersion": 3,
  "requires": true,
  "packages": {
    "": {
      "name": "moonsecdumper",
      "version": "1.0.0",
      "license": "ISC",
      "dependencies": {
        "lua-format": "^1.5.2"
      }
    },
    "node_modules/lua-format": {
      "version": "1.5.2",
      "resolved": "https://registry.npmjs.org/lua-format/-/lua-format-1.5.2.tgz",
      "integrity": "sha512-/MWt8pfA5qY1LNVf+CqRUPn/tGlp1OoTF1JhwyD7Q3qpfNX0UxVGUicpkBVnDsqoEtBTb/gJPy8ca3Jw0Lsq3Q=="
    }
  }
}
